// !$*UTF8*$!
{
	archiveVersion = 1;
	classes = {
	};
	objectVersion = 46;
	objects = {

/* Begin PBXBuildFile section */
		3549DC3F1DDDD91300D08201 /* main.m in Sources */ = {isa = PBXBuildFile; fileRef = 3549DC3E1DDDD91300D08201 /* main.m */; };
		3549DC421DDDD91300D08201 /* AppDelegate.m in Sources */ = {isa = PBXBuildFile; fileRef = 3549DC411DDDD91300D08201 /* AppDelegate.m */; };
		3549DC451DDDD91300D08201 /* ViewController.m in Sources */ = {isa = PBXBuildFile; fileRef = 3549DC441DDDD91300D08201 /* ViewController.m */; };
		3549DC481DDDD91300D08201 /* Main.storyboard in Resources */ = {isa = PBXBuildFile; fileRef = 3549DC461DDDD91300D08201 /* Main.storyboard */; };
		3549DC4A1DDDD91300D08201 /* Assets.xcassets in Resources */ = {isa = PBXBuildFile; fileRef = 3549DC491DDDD91300D08201 /* Assets.xcassets */; };
		3549DC4D1DDDD91300D08201 /* LaunchScreen.storyboard in Resources */ = {isa = PBXBuildFile; fileRef = 3549DC4B1DDDD91300D08201 /* LaunchScreen.storyboard */; };
		3549DC581DDDD91300D08201 /* testExpandCellTests.m in Sources */ = {isa = PBXBuildFile; fileRef = 3549DC571DDDD91300D08201 /* testExpandCellTests.m */; };
		3549DC631DDDD91300D08201 /* testExpandCellUITests.m in Sources */ = {isa = PBXBuildFile; fileRef = 3549DC621DDDD91300D08201 /* testExpandCellUITests.m */; };
		3549DC781DDDDD7C00D08201 /* CustomCell.m in Sources */ = {isa = PBXBuildFile; fileRef = 3549DC771DDDDD7C00D08201 /* CustomCell.m */; };
		3549DC7B1DDDDD8700D08201 /* ExpandCell.m in Sources */ = {isa = PBXBuildFile; fileRef = 3549DC7A1DDDDD8700D08201 /* ExpandCell.m */; };
/* End PBXBuildFile section */

/* Begin PBXContainerItemProxy section */
		3549DC541DDDD91300D08201 /* PBXContainerItemProxy */ = {
			isa = PBXContainerItemProxy;
			containerPortal = 3549DC321DDDD91300D08201 /* Project object */;
			proxyType = 1;
			remoteGlobalIDString = 3549DC391DDDD91300D08201;
			remoteInfo = testExpandCell;
		};
		3549DC5F1DDDD91300D08201 /* PBXContainerItemProxy */ = {
			isa = PBXContainerItemProxy;
			containerPortal = 3549DC321DDDD91300D08201 /* Project object */;
			proxyType = 1;
			remoteGlobalIDString = 3549DC391DDDD91300D08201;
			remoteInfo = testExpandCell;
		};
/* End PBXContainerItemProxy section */

/* Begin PBXFileReference section */
		3549DC3A1DDDD91300D08201 /* testExpandCell.app */ = {isa = PBXFileReference; explicitFileType = wrapper.application; includeInIndex = 0; path = testExpandCell.app; sourceTree = BUILT_PRODUCTS_DIR; };
		3549DC3E1DDDD91300D08201 /* main.m */ = {isa = PBXFileReference; lastKnownFileType = sourcecode.c.objc; path = main.m; sourceTree = "<group>"; };
		3549DC401DDDD91300D08201 /* AppDelegate.h */ = {isa = PBXFileReference; lastKnownFileType = sourcecode.c.h; path = AppDelegate.h; sourceTree = "<group>"; };
		3549DC411DDDD91300D08201 /* AppDelegate.m */ = {isa = PBXFileReference; lastKnownFileType = sourcecode.c.objc; path = AppDelegate.m; sourceTree = "<group>"; };
		3549DC431DDDD91300D08201 /* ViewController.h */ = {isa = PBXFileReference; lastKnownFileType = sourcecode.c.h; path = ViewController.h; sourceTree = "<group>"; };
		3549DC441DDDD91300D08201 /* ViewController.m */ = {isa = PBXFileReference; lastKnownFileType = sourcecode.c.objc; path = ViewController.m; sourceTree = "<group>"; };
		3549DC471DDDD91300D08201 /* Base */ = {isa = PBXFileReference; lastKnownFileType = file.storyboard; name = Base; path = Base.lproj/Main.storyboard; sourceTree = "<group>"; };
		3549DC491DDDD91300D08201 /* Assets.xcassets */ = {isa = PBXFileReference; lastKnownFileType = folder.assetcatalog; path = Assets.xcassets; sourceTree = "<group>"; };
		3549DC4C1DDDD91300D08201 /* Base */ = {isa = PBXFileReference; lastKnownFileType = file.storyboard; name = Base; path = Base.lproj/LaunchScreen.storyboard; sourceTree = "<group>"; };
		3549DC4E1DDDD91300D08201 /* Info.plist */ = {isa = PBXFileReference; lastKnownFileType = text.plist.xml; path = Info.plist; sourceTree = "<group>"; };
		3549DC531DDDD91300D08201 /* testExpandCellTests.xctest */ = {isa = PBXFileReference; explicitFileType = wrapper.cfbundle; includeInIndex = 0; path = testExpandCellTests.xctest; sourceTree = BUILT_PRODUCTS_DIR; };
		3549DC571DDDD91300D08201 /* testExpandCellTests.m */ = {isa = PBXFileReference; lastKnownFileType = sourcecode.c.objc; path = testExpandCellTests.m; sourceTree = "<group>"; };
		3549DC591DDDD91300D08201 /* Info.plist */ = {isa = PBXFileReference; lastKnownFileType = text.plist.xml; path = Info.plist; sourceTree = "<group>"; };
		3549DC5E1DDDD91300D08201 /* testExpandCellUITests.xctest */ = {isa = PBXFileReference; explicitFileType = wrapper.cfbundle; includeInIndex = 0; path = testExpandCellUITests.xctest; sourceTree = BUILT_PRODUCTS_DIR; };
		3549DC621DDDD91300D08201 /* testExpandCellUITests.m */ = {isa = PBXFileReference; lastKnownFileType = sourcecode.c.objc; path = testExpandCellUITests.m; sourceTree = "<group>"; };
		3549DC641DDDD91300D08201 /* Info.plist */ = {isa = PBXFileReference; lastKnownFileType = text.plist.xml; path = Info.plist; sourceTree = "<group>"; };
		3549DC761DDDDD7C00D08201 /* CustomCell.h */ = {isa = PBXFileReference; fileEncoding = 4; lastKnownFileType = sourcecode.c.h; path = CustomCell.h; sourceTree = "<group>"; };
		3549DC771DDDDD7C00D08201 /* CustomCell.m */ = {isa = PBXFileReference; fileEncoding = 4; lastKnownFileType = sourcecode.c.objc; path = CustomCell.m; sourceTree = "<group>"; };
		3549DC791DDDDD8700D08201 /* ExpandCell.h */ = {isa = PBXFileReference; fileEncoding = 4; lastKnownFileType = sourcecode.c.h; path = ExpandCell.h; sourceTree = "<group>"; };
		3549DC7A1DDDDD8700D08201 /* ExpandCell.m */ = {isa = PBXFileReference; fileEncoding = 4; lastKnownFileType = sourcecode.c.objc; path = ExpandCell.m; sourceTree = "<group>"; };
/* End PBXFileReference section */

/* Begin PBXFrameworksBuildPhase section */
		3549DC371DDDD91300D08201 /* Frameworks */ = {
			isa = PBXFrameworksBuildPhase;
			buildActionMask = 2147483647;
			files = (
			);
			runOnlyForDeploymentPostprocessing = 0;
		};
		3549DC501DDDD91300D08201 /* Frameworks */ = {
			isa = PBXFrameworksBuildPhase;
			buildActionMask = 2147483647;
			files = (
			);
			runOnlyForDeploymentPostprocessing = 0;
		};
		3549DC5B1DDDD91300D08201 /* Frameworks */ = {
			isa = PBXFrameworksBuildPhase;
			buildActionMask = 2147483647;
			files = (
			);
			runOnlyForDeploymentPostprocessing = 0;
		};
/* End PBXFrameworksBuildPhase section */

/* Begin PBXGroup section */
		3549DC311DDDD91300D08201 = {
			isa = PBXGroup;
			children = (
				3549DC3C1DDDD91300D08201 /* testExpandCell */,
				3549DC561DDDD91300D08201 /* testExpandCellTests */,
				3549DC611DDDD91300D08201 /* testExpandCellUITests */,
				3549DC3B1DDDD91300D08201 /* Products */,
			);
			sourceTree = "<group>";
		};
		3549DC3B1DDDD91300D08201 /* Products */ = {
			isa = PBXGroup;
			children = (
				3549DC3A1DDDD91300D08201 /* testExpandCell.app */,
				3549DC531DDDD91300D08201 /* testExpandCellTests.xctest */,
				3549DC5E1DDDD91300D08201 /* testExpandCellUITests.xctest */,
			);
			name = Products;
			sourceTree = "<group>";
		};
		3549DC3C1DDDD91300D08201 /* testExpandCell */ = {
			isa = PBXGroup;
			children = (
				3549DC401DDDD91300D08201 /* AppDelegate.h */,
				3549DC411DDDD91300D08201 /* AppDelegate.m */,
				3549DC431DDDD91300D08201 /* ViewController.h */,
				3549DC441DDDD91300D08201 /* ViewController.m */,
				3549DC761DDDDD7C00D08201 /* CustomCell.h */,
				3549DC771DDDDD7C00D08201 /* CustomCell.m */,
				3549DC791DDDDD8700D08201 /* ExpandCell.h */,
				3549DC7A1DDDDD8700D08201 /* ExpandCell.m */,
				3549DC461DDDD91300D08201 /* Main.storyboard */,
				3549DC491DDDD91300D08201 /* Assets.xcassets */,
				3549DC4B1DDDD91300D08201 /* LaunchScreen.storyboard */,
				3549DC4E1DDDD91300D08201 /* Info.plist */,
				3549DC3D1DDDD91300D08201 /* Supporting Files */,
			);
			path = testExpandCell;
			sourceTree = "<group>";
		};
		3549DC3D1DDDD91300D08201 /* Supporting Files */ = {
			isa = PBXGroup;
			children = (
				3549DC3E1DDDD91300D08201 /* main.m */,
			);
			name = "Supporting Files";
			sourceTree = "<group>";
		};
		3549DC561DDDD91300D08201 /* testExpandCellTests */ = {
			isa = PBXGroup;
			children = (
				3549DC571DDDD91300D08201 /* testExpandCellTests.m */,
				3549DC591DDDD91300D08201 /* Info.plist */,
			);
			path = testExpandCellTests;
			sourceTree = "<group>";
		};
		3549DC611DDDD91300D08201 /* testExpandCellUITests */ = {
			isa = PBXGroup;
			children = (
				3549DC621DDDD91300D08201 /* testExpandCellUITests.m */,
				3549DC641DDDD91300D08201 /* Info.plist */,
			);
			path = testExpandCellUITests;
			sourceTree = "<group>";
		};
/* End PBXGroup section */

/* Begin PBXNativeTarget section */
		3549DC391DDDD91300D08201 /* testExpandCell */ = {
			isa = PBXNativeTarget;
			buildConfigurationList = 3549DC671DDDD91300D08201 /* Build configuration list for PBXNativeTarget "testExpandCell" */;
			buildPhases = (
				3549DC361DDDD91300D08201 /* Sources */,
				3549DC371DDDD91300D08201 /* Frameworks */,
				3549DC381DDDD91300D08201 /* Resources */,
			);
			buildRules = (
			);
			dependencies = (
			);
			name = testExpandCell;
			productName = testExpandCell;
			productReference = 3549DC3A1DDDD91300D08201 /* testExpandCell.app */;
			productType = "com.apple.product-type.application";
		};
		3549DC521DDDD91300D08201 /* testExpandCellTests */ = {
			isa = PBXNativeTarget;
			buildConfigurationList = 3549DC6A1DDDD91300D08201 /* Build configuration list for PBXNativeTarget "testExpandCellTests" */;
			buildPhases = (
				3549DC4F1DDDD91300D08201 /* Sources */,
				3549DC501DDDD91300D08201 /* Frameworks */,
				3549DC511DDDD91300D08201 /* Resources */,
			);
			buildRules = (
			);
			dependencies = (
				3549DC551DDDD91300D08201 /* PBXTargetDependency */,
			);
			name = testExpandCellTests;
			productName = testExpandCellTests;
			productReference = 3549DC531DDDD91300D08201 /* testExpandCellTests.xctest */;
			productType = "com.apple.product-type.bundle.unit-test";
		};
		3549DC5D1DDDD91300D08201 /* testExpandCellUITests */ = {
			isa = PBXNativeTarget;
			buildConfigurationList = 3549DC6D1DDDD91300D08201 /* Build configuration list for PBXNativeTarget "testExpandCellUITests" */;
			buildPhases = (
				3549DC5A1DDDD91300D08201 /* Sources */,
				3549DC5B1DDDD91300D08201 /* Frameworks */,
				3549DC5C1DDDD91300D08201 /* Resources */,
			);
			buildRules = (
			);
			dependencies = (
				3549DC601DDDD91300D08201 /* PBXTargetDependency */,
			);
			name = testExpandCellUITests;
			productName = testExpandCellUITests;
			productReference = 3549DC5E1DDDD91300D08201 /* testExpandCellUITests.xctest */;
			productType = "com.apple.product-type.bundle.ui-testing";
		};
/* End PBXNativeTarget section */

/* Begin PBXProject section */
		3549DC321DDDD91300D08201 /* Project object */ = {
			isa = PBXProject;
			attributes = {
				LastUpgradeCheck = 0800;
				ORGANIZATIONNAME = flower;
				TargetAttributes = {
					3549DC391DDDD91300D08201 = {
						CreatedOnToolsVersion = 8.0;
						ProvisioningStyle = Automatic;
					};
					3549DC521DDDD91300D08201 = {
						CreatedOnToolsVersion = 8.0;
						ProvisioningStyle = Automatic;
						TestTargetID = 3549DC391DDDD91300D08201;
					};
					3549DC5D1DDDD91300D08201 = {
						CreatedOnToolsVersion = 8.0;
						ProvisioningStyle = Automatic;
						TestTargetID = 3549DC391DDDD91300D08201;
					};
				};
			};
			buildConfigurationList = 3549DC351DDDD91300D08201 /* Build configuration list for PBXProject "testExpandCell" */;
			compatibilityVersion = "Xcode 3.2";
			developmentRegion = English;
			hasScannedForEncodings = 0;
			knownRegions = (
				en,
				Base,
			);
			mainGroup = 3549DC311DDDD91300D08201;
			productRefGroup = 3549DC3B1DDDD91300D08201 /* Products */;
			projectDirPath = "";
			projectRoot = "";
			targets = (
				3549DC391DDDD91300D08201 /* testExpandCell */,
				3549DC521DDDD91300D08201 /* testExpandCellTests */,
				3549DC5D1DDDD91300D08201 /* testExpandCellUITests */,
			);
		};
/* End PBXProject section */

/* Begin PBXResourcesBuildPhase section */
		3549DC381DDDD91300D08201 /* Resources */ = {
			isa = PBXResourcesBuildPhase;
			buildActionMask = 2147483647;
			files = (
				3549DC4D1DDDD91300D08201 /* LaunchScreen.storyboard in Resources */,
				3549DC4A1DDDD91300D08201 /* Assets.xcassets in Resources */,
				3549DC481DDDD91300D08201 /* Main.storyboard in Resources */,
			);
			runOnlyForDeploymentPostprocessing = 0;
		};
		3549DC511DDDD91300D08201 /* Resources */ = {
			isa = PBXResourcesBuildPhase;
			buildActionMask = 2147483647;
			files = (
			);
			runOnlyForDeploymentPostprocessing = 0;
		};
		3549DC5C1DDDD91300D08201 /* Resources */ = {
			isa = PBXResourcesBuildPhase;
			buildActionMask = 2147483647;
			files = (
			);
			runOnlyForDeploymentPostprocessing = 0;
		};
/* End PBXResourcesBuildPhase section */

/* Begin PBXSourcesBuildPhase section */
		3549DC361DDDD91300D08201 /* Sources */ = {
			isa = PBXSourcesBuildPhase;
			buildActionMask = 2147483647;
			files = (
				3549DC7B1DDDDD8700D08201 /* ExpandCell.m in Sources */,
				3549DC451DDDD91300D08201 /* ViewController.m in Sources */,
				3549DC421DDDD91300D08201 /* AppDelegate.m in Sources */,
				3549DC781DDDDD7C00D08201 /* CustomCell.m in Sources */,
				3549DC3F1DDDD91300D08201 /* main.m in Sources */,
			);
			runOnlyForDeploymentPostprocessing = 0;
		};
		3549DC4F1DDDD91300D08201 /* Sources */ = {
			isa = PBXSourcesBuildPhase;
			buildActionMask = 2147483647;
			files = (
				3549DC581DDDD91300D08201 /* testExpandCellTests.m in Sources */,
			);
			runOnlyForDeploymentPostprocessing = 0;
		};
		3549DC5A1DDDD91300D08201 /* Sources */ = {
			isa = PBXSourcesBuildPhase;
			buildActionMask = 2147483647;
			files = (
				3549DC631DDDD91300D08201 /* testExpandCellUITests.m in Sources */,
			);
			runOnlyForDeploymentPostprocessing = 0;
		};
/* End PBXSourcesBuildPhase section */

/* Begin PBXTargetDependency section */
		3549DC551DDDD91300D08201 /* PBXTargetDependency */ = {
			isa = PBXTargetDependency;
			target = 3549DC391DDDD91300D08201 /* testExpandCell */;
			targetProxy = 3549DC541DDDD91300D08201 /* PBXContainerItemProxy */;
		};
		3549DC601DDDD91300D08201 /* PBXTargetDependency */ = {
			isa = PBXTargetDependency;
			target = 3549DC391DDDD91300D08201 /* testExpandCell */;
			targetProxy = 3549DC5F1DDDD91300D08201 /* PBXContainerItemProxy */;
		};
/* End PBXTargetDependency section */

/* Begin PBXVariantGroup section */
		3549DC461DDDD91300D08201 /* Main.storyboard */ = {
			isa = PBXVariantGroup;
			children = (
				3549DC471DDDD91300D08201 /* Base */,
			);
			name = Main.storyboard;
			sourceTree = "<group>";
		};
		3549DC4B1DDDD91300D08201 /* LaunchScreen.storyboard */ = {
			isa = PBXVariantGroup;
			children = (
				3549DC4C1DDDD91300D08201 /* Base */,
			);
			name = LaunchScreen.storyboard;
			sourceTree = "<group>";
		};
/* End PBXVariantGroup section */

/* Begin XCBuildConfiguration section */
		3549DC651DDDD91300D08201 /* Debug */ = {
			isa = XCBuildConfiguration;
			buildSettings = {
				ALWAYS_SEARCH_USER_PATHS = NO;
				CLANG_ANALYZER_NONNULL = YES;
				CLANG_CXX_LANGUAGE_STANDARD = "gnu++0x";
				CLANG_CXX_LIBRARY = "libc++";
				CLANG_ENABLE_MODULES = YES;
				CLANG_ENABLE_OBJC_ARC = YES;
				CLANG_WARN_BOOL_CONVERSION = YES;
				CLANG_WARN_CONSTANT_CONVERSION = YES;
				CLANG_WARN_DIRECT_OBJC_ISA_USAGE = YES_ERROR;
				CLANG_WARN_DOCUMENTATION_COMMENTS = YES;
				CLANG_WARN_EMPTY_BODY = YES;
				CLANG_WARN_ENUM_CONVERSION = YES;
				CLANG_WARN_INFINITE_RECURSION = YES;
				CLANG_WARN_INT_CONVERSION = YES;
				CLANG_WARN_OBJC_ROOT_CLASS = YES_ERROR;
				CLANG_WARN_SUSPICIOUS_MOVES = YES;
				CLANG_WARN_UNREACHABLE_CODE = YES;
				CLANG_WARN__DUPLICATE_METHOD_MATCH = YES;
				"CODE_SIGN_IDENTITY[sdk=iphoneos*]" = "iPhone Developer";
				COPY_PHASE_STRIP = NO;
				DEBUG_INFORMATION_FORMAT = dwarf;
				ENABLE_STRICT_OBJC_MSGSEND = YES;
				ENABLE_TESTABILITY = YES;
				GCC_C_LANGUAGE_STANDARD = gnu99;
				GCC_DYNAMIC_NO_PIC = NO;
				GCC_NO_COMMON_BLOCKS = YES;
				GCC_OPTIMIZATION_LEVEL = 0;
				GCC_PREPROCESSOR_DEFINITIONS = (
					"DEBUG=1",
					"$(inherited)",
				);
				GCC_WARN_64_TO_32_BIT_CONVERSION = YES;
				GCC_WARN_ABOUT_RETURN_TYPE = YES_ERROR;
				GCC_WARN_UNDECLARED_SELECTOR = YES;
				GCC_WARN_UNINITIALIZED_AUTOS = YES_AGGRESSIVE;
				GCC_WARN_UNUSED_FUNCTION = YES;
				GCC_WARN_UNUSED_VARIABLE = YES;
				IPHONEOS_DEPLOYMENT_TARGET = 10.0;
				MTL_ENABLE_DEBUG_INFO = YES;
				ONLY_ACTIVE_ARCH = YES;
				SDKROOT = iphoneos;
				TARGETED_DEVICE_FAMILY = "1,2";
			};
			name = Debug;
		};
		3549DC661DDDD91300D08201 /* Release */ = {
			isa = XCBuildConfiguration;
			buildSettings = {
				ALWAYS_SEARCH_USER_PATHS = NO;
				CLANG_ANALYZER_NONNULL = YES;
				CLANG_CXX_LANGUAGE_STANDARD = "gnu++0x";
				CLANG_CXX_LIBRARY = "libc++";
				CLANG_ENABLE_MODULES = YES;
				CLANG_ENABLE_OBJC_ARC = YES;
				CLANG_WARN_BOOL_CONVERSION = YES;
				CLANG_WARN_CONSTANT_CONVERSION = YES;
				CLANG_WARN_DIRECT_OBJC_ISA_USAGE = YES_ERROR;
				CLANG_WARN_DOCUMENTATION_COMMENTS = YES;
				CLANG_WARN_EMPTY_BODY = YES;
				CLANG_WARN_ENUM_CONVERSION = YES;
				CLANG_WARN_INFINITE_RECURSION = YES;
				CLANG_WARN_INT_CONVERSION = YES;
				CLANG_WARN_OBJC_ROOT_CLASS = YES_ERROR;
				CLANG_WARN_SUSPICIOUS_MOVES = YES;
				CLANG_WARN_UNREACHABLE_CODE = YES;
				CLANG_WARN__DUPLICATE_METHOD_MATCH = YES;
				"CODE_SIGN_IDENTITY[sdk=iphoneos*]" = "iPhone Developer";
				COPY_PHASE_STRIP = NO;
				DEBUG_INFORMATION_FORMAT = "dwarf-with-dsym";
				ENABLE_NS_ASSERTIONS = NO;
				ENABLE_STRICT_OBJC_MSGSEND = YES;
				GCC_C_LANGUAGE_STANDARD = gnu99;
				GCC_NO_COMMON_BLOCKS = YES;
				GCC_WARN_64_TO_32_BIT_CONVERSION = YES;
				GCC_WARN_ABOUT_RETURN_TYPE = YES_ERROR;
				GCC_WARN_UNDECLARED_SELECTOR = YES;
				GCC_WARN_UNINITIALIZED_AUTOS = YES_AGGRESSIVE;
				GCC_WARN_UNUSED_FUNCTION = YES;
				GCC_WARN_UNUSED_VARIABLE = YES;
				IPHONEOS_DEPLOYMENT_TARGET = 10.0;
				MTL_ENABLE_DEBUG_INFO = NO;
				SDKROOT = iphoneos;
				TARGETED_DEVICE_FAMILY = "1,2";
				VALIDATE_PRODUCT = YES;
			};
			name = Release;
		};
		3549DC681DDDD91300D08201 /* Debug */ = {
			isa = XCBuildConfiguration;
			buildSettings = {
				ASSETCATALOG_COMPILER_APPICON_NAME = AppIcon;
				INFOPLIST_FILE = testExpandCell/Info.plist;
				LD_RUNPATH_SEARCH_PATHS = "$(inherited) @executable_path/Frameworks";
				PRODUCT_BUNDLE_IDENTIFIER = com.llh.AFNetworking.testExpandCell;
				PRODUCT_NAME = "$(TARGET_NAME)";
			};
			name = Debug;
		};
		3549DC691DDDD91300D08201 /* Release */ = {
			isa = XCBuildConfiguration;
			buildSettings = {
				ASSETCATALOG_COMPILER_APPICON_NAME = AppIcon;
				INFOPLIST_FILE = testExpandCell/Info.plist;
				LD_RUNPATH_SEARCH_PATHS = "$(inherited) @executable_path/Frameworks";
				PRODUCT_BUNDLE_IDENTIFIER = com.llh.AFNetworking.testExpandCell;
				PRODUCT_NAME = "$(TARGET_NAME)";
			};
			name = Release;
		};
		3549DC6B1DDDD91300D08201 /* Debug */ = {
			isa = XCBuildConfiguration;
			buildSettings = {
				BUNDLE_LOADER = "$(TEST_HOST)";
				INFOPLIST_FILE = testExpandCellTests/Info.plist;
				LD_RUNPATH_SEARCH_PATHS = "$(inherited) @executable_path/Frameworks @loader_path/Frameworks";
				PRODUCT_BUNDLE_IDENTIFIER = com.llh.AFNetworking.testExpandCellTests;
				PRODUCT_NAME = "$(TARGET_NAME)";
				TEST_HOST = "$(BUILT_PRODUCTS_DIR)/testExpandCell.app/testExpandCell";
			};
			name = Debug;
		};
		3549DC6C1DDDD91300D08201 /* Release */ = {
			isa = XCBuildConfiguration;
			buildSettings = {
				BUNDLE_LOADER = "$(TEST_HOST)";
				INFOPLIST_FILE = testExpandCellTests/Info.plist;
				LD_RUNPATH_SEARCH_PATHS = "$(inherited) @executable_path/Frameworks @loader_path/Frameworks";
				PRODUCT_BUNDLE_IDENTIFIER = com.llh.AFNetworking.testExpandCellTests;
				PRODUCT_NAME = "$(TARGET_NAME)";
				TEST_HOST = "$(BUILT_PRODUCTS_DIR)/testExpandCell.app/testExpandCell";
			};
			name = Release;
		};
		3549DC6E1DDDD91300D08201 /* Debug */ = {
			isa = XCBuildConfiguration;
			buildSettings = {
				INFOPLIST_FILE = testExpandCellUITests/Info.plist;
				LD_RUNPATH_SEARCH_PATHS = "$(inherited) @executable_path/Frameworks @loader_path/Frameworks";
				PRODUCT_BUNDLE_IDENTIFIER = com.llh.AFNetworking.testExpandCellUITests;
				PRODUCT_NAME = "$(TARGET_NAME)";
				TEST_TARGET_NAME = testExpandCell;
			};
			name = Debug;
		};
		3549DC6F1DDDD91300D08201 /* Release */ = {
			isa = XCBuildConfiguration;
			buildSettings = {
				INFOPLIST_FILE = testExpandCellUITests/Info.plist;
				LD_RUNPATH_SEARCH_PATHS = "$(inherited) @executable_path/Frameworks @loader_path/Frameworks";
				PRODUCT_BUNDLE_IDENTIFIER = com.llh.AFNetworking.testExpandCellUITests;
				PRODUCT_NAME = "$(TARGET_NAME)";
				TEST_TARGET_NAME = testExpandCell;
			};
			name = Release;
		};
/* End XCBuildConfiguration section */

/* Begin XCConfigurationList section */
		3549DC351DDDD91300D08201 /* Build configuration list for PBXProject "testExpandCell" */ = {
			isa = XCConfigurationList;
			buildConfigurations = (
				3549DC651DDDD91300D08201 /* Debug */,
				3549DC661DDDD91300D08201 /* Release */,
			);
			defaultConfigurationIsVisible = 0;
			defaultConfigurationName = Release;
		};
		3549DC671DDDD91300D08201 /* Build configuration list for PBXNativeTarget "testExpandCell" */ = {
			isa = XCConfigurationList;
			buildConfigurations = (
				3549DC681DDDD91300D08201 /* Debug */,
				3549DC691DDDD91300D08201 /* Release */,
			);
			defaultConfigurationIsVisible = 0;
		};
		3549DC6A1DDDD91300D08201 /* Build configuration list for PBXNativeTarget "testExpandCellTests" */ = {
			isa = XCConfigurationList;
			buildConfigurations = (
				3549DC6B1DDDD91300D08201 /* Debug */,
				3549DC6C1DDDD91300D08201 /* Release */,
			);
			defaultConfigurationIsVisible = 0;
		};
		3549DC6D1DDDD91300D08201 /* Build configuration list for PBXNativeTarget "testExpandCellUITests" */ = {
			isa = XCConfigurationList;
			buildConfigurations = (
				3549DC6E1DDDD91300D08201 /* Debug */,
				3549DC6F1DDDD91300D08201 /* Release */,
			);
			defaultConfigurationIsVisible = 0;
		};
/* End XCConfigurationList section */
	};
	rootObject = 3549DC321DDDD91300D08201 /* Project object */;
}
